packages:
  adv_dbg_if:
    revision: 19eeef8cae1cbec7413877b3f29fe0bd078748d7
    version: 0.0.2
    source:
      Git: https://github.com/pulp-platform/adv_dbg_if.git
    dependencies: []
  apb:
    revision: 77ddf073f194d44b9119949d2421be59789e69ae
    version: 0.2.4
    source:
      Git: https://github.com/pulp-platform/apb.git
    dependencies:
    - common_cells
  apb2per:
    revision: 6fc13fc0bfa71772d91391893e57306d0d95befa
    version: 0.1.0
    source:
      Git: https://github.com/pulp-platform/apb2per.git
    dependencies: []
  apb_adv_timer:
    revision: c8faec1e1755386d0e0f31a55ebd80612a3dcea9
    version: 1.0.4
    source:
      Git: https://github.com/pulp-platform/apb_adv_timer.git
    dependencies:
    - tech_cells_generic
  apb_fll_if:
    revision: 1acbb0f9485f903a60417ab4c455067fc9ebe766
    version: 0.2.0
    source:
      Git: https://github.com/pulp-platform/apb_fll_if.git
    dependencies:
    - apb
  apb_gpio:
    revision: 0e9f142f2f11278445c953ad011fce1c7ed85b66
    version: null
    source:
      Git: https://github.com/pulp-platform/apb_gpio.git
    dependencies: []
  apb_interrupt_cntrl:
    revision: 8faeac71f89bca19e5daa14ebac99a81ceb85593
    version: 0.2.0
    source:
      Git: https://github.com/pulp-platform/apb_interrupt_cntrl.git
    dependencies:
    - apb
    - common_cells
  apb_node:
    revision: d436ab3dad8260eadc1288bdc543c79b4d7462c7
    version: null
    source:
      Git: https://github.com/pulp-platform/apb_node.git
    dependencies:
    - apb
  apb_uart:
    revision: 6c7dde3d749ac8274377745c105da8c8b8cd27c6
    version: 0.2.1
    source:
      Git: https://github.com/pulp-platform/apb_uart.git
    dependencies:
    - apb
    - register_interface
  axi:
    revision: da423834b45f2e1878ecb28a11dc5b72b437f9c1
    version: 0.39.1-beta
    source:
      Git: https://github.com/pulp-platform/axi.git
    dependencies:
    - common_cells
    - common_verification
    - tech_cells_generic
  axi_slice:
    revision: a4f72bc21ac4d7da631e8309d9f8d0c34b735c23
    version: 1.1.4
    source:
      Git: https://github.com/pulp-platform/axi_slice.git
    dependencies:
    - common_cells
  cluster_interconnect:
    revision: 7d0a4f8acae71a583a6713cab5554e60b9bb8d27
    version: 1.2.1
    source:
      Git: https://github.com/pulp-platform/cluster_interconnect.git
    dependencies:
    - common_cells
  common_cells:
    revision: 53b0b58af2db5bd3c850a7038fae170ed78326bb
    version: 1.31.1
    source:
      Git: https://github.com/pulp-platform/common_cells.git
    dependencies:
    - common_verification
    - tech_cells_generic
  common_verification:
    revision: 9c07fa860593b2caabd9b5681740c25fac04b878
    version: 0.2.3
    source:
      Git: https://github.com/pulp-platform/common_verification.git
    dependencies: []
  cv32e40p:
    revision: d727b527c3ba061c357ff2eeb213962e560f0347
    version: null
    source:
      Git: https://github.com/pulp-platform/cv32e40p.git
    dependencies:
    - common_cells
    - fpnew
    - tech_cells_generic
  fpnew:
    revision: a8e0cba6dd50f357ece73c2c955d96efc3c6c315
    version: null
    source:
      Git: https://github.com/pulp-platform/cvfpu.git
    dependencies:
    - common_cells
    - fpu_div_sqrt_mvp
  fpu_div_sqrt_mvp:
    revision: 86e1f558b3c95e91577c41b2fc452c86b04e85ac
    version: 1.0.4
    source:
      Git: https://github.com/pulp-platform/fpu_div_sqrt_mvp.git
    dependencies:
    - common_cells
  generic_fll:
    revision: 1c92dc73a940392182fd4cb7b86f35649b349595
    version: 0.2.0
    source:
      Git: https://github.com/pulp-platform/generic_FLL.git
    dependencies: []
  hwpe-ctrl:
    revision: 3d9b9bea7b98df24e6b235408364521a1a27d561
    version: 1.7.2
    source:
      Git: https://github.com/pulp-platform/hwpe-ctrl.git
    dependencies:
    - tech_cells_generic
  hwpe-mac-engine:
    revision: cd48c574f1972ecbe02d3f463a0e12a92acde484
    version: 1.3.3
    source:
      Git: https://github.com/pulp-platform/hwpe-mac-engine.git
    dependencies:
    - hwpe-ctrl
    - hwpe-stream
  hwpe-stream:
    revision: ddc154424187dff42a8fcec946c768ceb13f13de
    version: 1.6.4
    source:
      Git: https://github.com/pulp-platform/hwpe-stream.git
    dependencies:
    - tech_cells_generic
  ibex:
    revision: b18f7ef178ed07f5085051f96042c670a919fd5c
    version: null
    source:
      Git: https://github.com/pulp-platform/ibex.git
    dependencies:
    - tech_cells_generic
  jtag_pulp:
    revision: d22e828aef0484c79355d97d12de044c97e1f20f
    version: 0.2.0
    source:
      Git: https://github.com/pulp-platform/jtag_pulp.git
    dependencies: []
  l2_tcdm_hybrid_interco:
    revision: fa55e72859dcfb117a2788a77352193bef94ff2b
    version: 1.0.0
    source:
      Git: https://github.com/pulp-platform/L2_tcdm_hybrid_interco.git
    dependencies: []
  maestro_memories_tsmc65:
    revision: 2016123ea903ea4416bcd3ca12d208cbfac35356
    version: null
    source:
      Git: git@iis-git.ee.ethz.ch:maestro/maestro-memories-tsmc-65.git
    dependencies: []
  pulp_soc:
    revision: d234026d99c7e9571ee0895d68c4fd96f4a43f65
    version: null
    source:
      Git: git@iis-git.ee.ethz.ch:maestro/pulp_soc.git
    dependencies:
    - adv_dbg_if
    - apb
    - apb2per
    - apb_adv_timer
    - apb_fll_if
    - apb_gpio
    - apb_interrupt_cntrl
    - apb_node
    - apb_uart
    - axi
    - axi_slice
    - cluster_interconnect
    - common_cells
    - cv32e40p
    - fpnew
    - generic_fll
    - hwpe-mac-engine
    - ibex
    - jtag_pulp
    - l2_tcdm_hybrid_interco
    - maestro_memories_tsmc65
    - register_interface
    - riscv-dbg
    - scm
    - tech_cells_generic
    - timer_unit
    - udma_camera
    - udma_core
    - udma_external_per
    - udma_filter
    - udma_hyper
    - udma_i2c
    - udma_i2s
    - udma_qspi
    - udma_sdio
    - udma_uart
  register_interface:
    revision: 146501d80052b61475cdc333d3aab4cd769fd5dc
    version: 0.3.9
    source:
      Git: https://github.com/pulp-platform/register_interface.git
    dependencies:
    - apb
    - axi
    - common_cells
  riscv-dbg:
    revision: 69be5ddc03ea1688c0eab47d6ed9d0e8725beda1
    version: 0.5.1
    source:
      Git: https://github.com/pulp-platform/riscv-dbg.git
    dependencies:
    - common_cells
    - tech_cells_generic
  scm:
    revision: 998466d2a3c2d7d572e43d2666d93c4f767d8d60
    version: 1.1.1
    source:
      Git: https://github.com/pulp-platform/scm.git
    dependencies: []
  tbtools:
    revision: 4bc2c825df8540a0c0210ab7f484533809801fa2
    version: 0.2.1
    source:
      Git: https://github.com/pulp-platform/tbtools.git
    dependencies: []
  tech_cells_generic:
    revision: 298b7297d220ba2601d0f24f684f97ff32f61123
    version: 0.2.12
    source:
      Git: https://github.com/pulp-platform/tech_cells_generic.git
    dependencies:
    - common_verification
  timer_unit:
    revision: 4c69615c89db9397a9747d6f6d6a36727854f0bc
    version: 1.0.3
    source:
      Git: https://github.com/pulp-platform/timer_unit.git
    dependencies: []
  udma_camera:
    revision: cfcd80416ef18f8e8139188b8dfa52a8a7f6f7c8
    version: 1.1.2
    source:
      Git: https://github.com/pulp-platform/udma_camera.git
    dependencies:
    - tech_cells_generic
    - udma_core
  udma_core:
    revision: 7af2db5ea8cee3ecfe8e0e647bbdbc7f58ecb73b
    version: 1.1.2
    source:
      Git: https://github.com/pulp-platform/udma_core.git
    dependencies:
    - common_cells
    - tech_cells_generic
  udma_external_per:
    revision: 8674ecd131a173915a69ee9e4a04edf8745cbcf4
    version: 1.0.4
    source:
      Git: https://github.com/pulp-platform/udma_external_per.git
    dependencies:
    - udma_core
  udma_filter:
    revision: a11e2057e7b21852e978b744714c384de49228cf
    version: 1.0.3
    source:
      Git: https://github.com/pulp-platform/udma_filter.git
    dependencies:
    - udma_core
  udma_hyper:
    revision: 83ab704f9d1c5f9e5353268c901fe95c36bcea36
    version: null
    source:
      Git: https://github.com/pulp-platform/udma_hyper.git
    dependencies: []
  udma_i2c:
    revision: 47d6892e38eb0e45692c81a5f47d71945098ffa0
    version: 2.0.0
    source:
      Git: https://github.com/pulp-platform/udma_i2c.git
    dependencies:
    - udma_core
  udma_i2s:
    revision: f63cb528dbff7d580c87fd4de90dbdf0ab69048e
    version: 1.1.2
    source:
      Git: https://github.com/pulp-platform/udma_i2s.git
    dependencies:
    - common_cells
    - tech_cells_generic
    - udma_core
  udma_qspi:
    revision: ddbe8a2e530a5edafc93fe1a25f47fb4b8716bd8
    version: 1.0.4
    source:
      Git: https://github.com/pulp-platform/udma_qspi.git
    dependencies:
    - common_cells
    - tech_cells_generic
    - udma_core
  udma_sdio:
    revision: e768162ef48ad8fd873daa995ac51269fc82ec4f
    version: 1.1.2
    source:
      Git: https://github.com/pulp-platform/udma_sdio.git
    dependencies:
    - common_cells
    - tech_cells_generic
    - udma_core
  udma_uart:
    revision: 18ed1986fd62920b1065005c370fd740995cfd4a
    version: 1.0.2
    source:
      Git: https://github.com/pulp-platform/udma_uart.git
    dependencies:
    - common_cells
    - udma_core
